
Microsoft Visual Studio Solution File, Format Version 12.00
# Visual Studio 14
VisualStudioVersion = 14.0.24720.0
MinimumVisualStudioVersion = 10.0.40219.1
Project("{2150E333-8FDC-42A3-9474-1A3956D46DE8}") = "Assets", "Assets", "{AE2989B0-A353-49C4-A044-6DF8BC31C54A}"
	ProjectSection(SolutionItems) = preProject
		Assets\ItsZapLabLogo.png = Assets\ItsZapLabLogo.png
	EndProjectSection
EndProject
Project("{2150E333-8FDC-42A3-9474-1A3956D46DE8}") = "ReleasePackager", "ReleasePackager", "{B73B276C-CD3B-45C5-88FC-8BE20319D879}"
	ProjectSection(SolutionItems) = preProject
		Assets\ReleasePackager\screenshot1.png = Assets\ReleasePackager\screenshot1.png
		Assets\ReleasePackager\screenshot2.png = Assets\ReleasePackager\screenshot2.png
	EndProjectSection
EndProject
Project("{2150E333-8FDC-42A3-9474-1A3956D46DE8}") = "ReleasePackager", "ReleasePackager", "{9ECF53AF-0592-4FA4-A8F1-53BB9DB855A0}"
	ProjectSection(SolutionItems) = preProject
		ReleasePackager\icon.png = ReleasePackager\icon.png
		ReleasePackager\Initialize.ps1 = ReleasePackager\Initialize.ps1
		ReleasePackager\logo.txt = ReleasePackager\logo.txt
		ReleasePackager\Readme.md = ReleasePackager\Readme.md
		ReleasePackager\ReleasePackager.ps1 = ReleasePackager\ReleasePackager.ps1
		ReleasePackager\task.json = ReleasePackager\task.json
		ReleasePackager\UserGuide.md = ReleasePackager\UserGuide.md
	EndProjectSection
EndProject
Global
	GlobalSection(SolutionProperties) = preSolution
		HideSolutionNode = FALSE
	EndGlobalSection
	GlobalSection(NestedProjects) = preSolution
		{B73B276C-CD3B-45C5-88FC-8BE20319D879} = {AE2989B0-A353-49C4-A044-6DF8BC31C54A}
	EndGlobalSection
EndGlobal
