
Microsoft Visual Studio Solution File, Format Version 12.00
# Visual Studio 14
VisualStudioVersion = 14.0.24720.0
MinimumVisualStudioVersion = 10.0.40219.1
Project("{F5034706-568F-408A-B7B3-4D38C6DB8A32}") = "ReleasePackager", "ReleasePackager\ReleasePackager.pssproj", "{6CAFC0C6-A428-4D30-A9F9-700E829FEA51}"
EndProject
Project("{2150E333-8FDC-42A3-9474-1A3956D46DE8}") = "Assets", "Assets", "{AE2989B0-A353-49C4-A044-6DF8BC31C54A}"
	ProjectSection(SolutionItems) = preProject
		Assets\ItsZapLabLogo.png = Assets\ItsZapLabLogo.png
	EndProjectSection
EndProject
Project("{2150E333-8FDC-42A3-9474-1A3956D46DE8}") = "ReleasePackager", "ReleasePackager", "{B73B276C-CD3B-45C5-88FC-8BE20319D879}"
	ProjectSection(SolutionItems) = preProject
		Assets\ReleasePackager\screenshot1.png = Assets\ReleasePackager\screenshot1.png
		Assets\ReleasePackager\screenshot2.png = Assets\ReleasePackager\screenshot2.png
	EndProjectSection
EndProject
Global
	GlobalSection(SolutionConfigurationPlatforms) = preSolution
		Debug|Any CPU = Debug|Any CPU
		Release|Any CPU = Release|Any CPU
	EndGlobalSection
	GlobalSection(ProjectConfigurationPlatforms) = postSolution
		{6CAFC0C6-A428-4D30-A9F9-700E829FEA51}.Debug|Any CPU.ActiveCfg = Debug|Any CPU
		{6CAFC0C6-A428-4D30-A9F9-700E829FEA51}.Debug|Any CPU.Build.0 = Debug|Any CPU
		{6CAFC0C6-A428-4D30-A9F9-700E829FEA51}.Release|Any CPU.ActiveCfg = Release|Any CPU
		{6CAFC0C6-A428-4D30-A9F9-700E829FEA51}.Release|Any CPU.Build.0 = Release|Any CPU
	EndGlobalSection
	GlobalSection(SolutionProperties) = preSolution
		HideSolutionNode = FALSE
	EndGlobalSection
	GlobalSection(NestedProjects) = preSolution
		{B73B276C-CD3B-45C5-88FC-8BE20319D879} = {AE2989B0-A353-49C4-A044-6DF8BC31C54A}
	EndGlobalSection
EndGlobal
